
Microsoft Visual Studio Solution File, Format Version 12.00
# Visual Studio Version 17
VisualStudioVersion = 17.9.34622.214
MinimumVisualStudioVersion = 10.0.40219.1
Project("{FAE04EC0-301F-11D3-BF4B-00C04F79EFBC}") = "Parcial2_AP1_MiguelBetances", "Parcial2_AP1_MiguelBetances\Parcial2_AP1_MiguelBetances.csproj", "{AFAB3D1A-7D6F-4132-B117-52D49E675B1D}"
EndProject
Project("{FAE04EC0-301F-11D3-BF4B-00C04F79EFBC}") = "Parcial2_AP1_MiguelBetances.Api", "Parcial2_AP1_MiguelBetances.Api\Parcial2_AP1_MiguelBetances.Api.csproj", "{067E6DEA-8ECB-40B8-A2CB-68FCACE2E42B}"
EndProject
Project("{FAE04EC0-301F-11D3-BF4B-00C04F79EFBC}") = "Parcial2_AP1_MiguelBetances.Shared", "Parcial2_AP1_MiguelBetances.Shared\Parcial2_AP1_MiguelBetances.Shared.csproj", "{9C29ECD0-D828-47CC-A3EA-26FD1D367BDE}"
EndProject
Global
	GlobalSection(SolutionConfigurationPlatforms) = preSolution
		Debug|Any CPU = Debug|Any CPU
		Release|Any CPU = Release|Any CPU
	EndGlobalSection
	GlobalSection(ProjectConfigurationPlatforms) = postSolution
		{AFAB3D1A-7D6F-4132-B117-52D49E675B1D}.Debug|Any CPU.ActiveCfg = Debug|Any CPU
		{AFAB3D1A-7D6F-4132-B117-52D49E675B1D}.Debug|Any CPU.Build.0 = Debug|Any CPU
		{AFAB3D1A-7D6F-4132-B117-52D49E675B1D}.Release|Any CPU.ActiveCfg = Release|Any CPU
		{AFAB3D1A-7D6F-4132-B117-52D49E675B1D}.Release|Any CPU.Build.0 = Release|Any CPU
		{067E6DEA-8ECB-40B8-A2CB-68FCACE2E42B}.Debug|Any CPU.ActiveCfg = Debug|Any CPU
		{067E6DEA-8ECB-40B8-A2CB-68FCACE2E42B}.Debug|Any CPU.Build.0 = Debug|Any CPU
		{067E6DEA-8ECB-40B8-A2CB-68FCACE2E42B}.Release|Any CPU.ActiveCfg = Release|Any CPU
		{067E6DEA-8ECB-40B8-A2CB-68FCACE2E42B}.Release|Any CPU.Build.0 = Release|Any CPU
		{9C29ECD0-D828-47CC-A3EA-26FD1D367BDE}.Debug|Any CPU.ActiveCfg = Debug|Any CPU
		{9C29ECD0-D828-47CC-A3EA-26FD1D367BDE}.Debug|Any CPU.Build.0 = Debug|Any CPU
		{9C29ECD0-D828-47CC-A3EA-26FD1D367BDE}.Release|Any CPU.ActiveCfg = Release|Any CPU
		{9C29ECD0-D828-47CC-A3EA-26FD1D367BDE}.Release|Any CPU.Build.0 = Release|Any CPU
	EndGlobalSection
	GlobalSection(SolutionProperties) = preSolution
		HideSolutionNode = FALSE
	EndGlobalSection
	GlobalSection(ExtensibilityGlobals) = postSolution
		SolutionGuid = {5DE98993-6D57-438A-9094-8809A56010EC}
	EndGlobalSection
EndGlobal
